dependencies:
- name: gateway-helm
  repository: file://charts/gateway-helm
  version: 1.8.2
- name: ingress-nginx
  repository: https://kubernetes.github.io/ingress-nginx
  version: 4.15.1
- name: k8s-infra
  repository: https://charts.signoz.io
  version: 0.15.0
- name: signoz
  repository: https://charts.signoz.io
  version: 0.134.0
- name: apisix
  repository: https://apache.github.io/apisix-helm-chart
  version: 2.17.0
- name: ai-optimizer
  repository: https://oracle.github.io/ai-optimizer/helm
  version: 2.4.1
digest: sha256:2cf7a746451b61f13cae214ef1958d9c1ec3fb541c2ba01cc759c53bded50a17
generated: "2026-09-17T15:43:05.782677142Z"
