dependencies:
- name: gateway-helm
  repository: file://charts/gateway-helm
  version: 1.8.2
- name: ingress-nginx
  repository: https://kubernetes.github.io/ingress-nginx
  version: 4.15.1
- name: k8s-infra
  repository: https://charts.signoz.io
  version: 0.17.1
- name: signoz
  repository: https://charts.signoz.io
  version: 0.134.0
- name: apisix
  repository: https://apache.github.io/apisix-helm-chart
  version: 2.16.0
- name: ai-optimizer
  repository: https://oracle.github.io/ai-optimizer/helm
  version: 2.4.1
digest: sha256:be634ddfa10d1d1273e62268b24116fd3c5b7ea19cdc7d418acb7d215ba97a0a
generated: "2026-09-17T15:43:12.684237409Z"
