dependencies:
- name: gateway-helm
  repository: file://charts/gateway-helm
  version: 1.8.2
- name: ingress-nginx
  repository: https://kubernetes.github.io/ingress-nginx
  version: 4.15.1
- name: k8s-infra
  repository: https://charts.signoz.io
  version: 0.15.0
- name: signoz
  repository: https://charts.signoz.io
  version: 0.142.1
- name: apisix
  repository: https://apache.github.io/apisix-helm-chart
  version: 2.16.0
- name: ai-optimizer
  repository: https://oracle.github.io/ai-optimizer/helm
  version: 2.4.1
digest: sha256:5c81c4ddc3ad390376a11b6d915b096b8b944943f289c97882afcf227aaf8bff
generated: "2026-09-21T04:31:53.107967153Z"
