dependencies:
- name: external-secrets
  repository: https://charts.external-secrets.io
  version: 1.1.0
- name: metrics-server
  repository: https://kubernetes-sigs.github.io/metrics-server/
  version: 3.13.0
- name: kube-state-metrics
  repository: https://prometheus-community.github.io/helm-charts
  version: 6.4.1
- name: strimzi-kafka-operator
  repository: https://strimzi.io/charts/
  version: 0.45.1
- name: oracle-database-operator
  repository: file://charts/oracle-database-operator
  version: 0.1.0
- name: coherence-operator
  repository: https://oracle.github.io/coherence-operator/charts
  version: 3.5.6
- name: opentelemetry-operator
  repository: https://open-telemetry.github.io/opentelemetry-helm-charts
  version: 0.107.0
digest: sha256:384f0f29bf1030a958ed1a11624ac7e924083a90257524b223290c8a44e80a2d
generated: "2026-03-10T13:53:48.33384-04:00"
