dependencies:
- name: external-secrets
  repository: https://charts.external-secrets.io
  version: 2.10.0
- name: metrics-server
  repository: https://kubernetes-sigs.github.io/metrics-server/
  version: 3.14.0
- name: kube-state-metrics
  repository: https://prometheus-community.github.io/helm-charts
  version: 8.4.2
- name: strimzi-kafka-operator
  repository: https://strimzi.io/charts/
  version: 1.1.0
- name: coherence-operator
  repository: https://oracle.github.io/coherence-operator/charts
  version: 3.5.16
- name: opentelemetry-operator
  repository: https://open-telemetry.github.io/opentelemetry-helm-charts
  version: 0.122.0
- name: oracle-database-operator
  repository: file://charts/oracle-database-operator
  version: 0.2.0
digest: sha256:38e371b8697c528767bfaa21c022cc653b643474e29bb359eaa9ff575512dc98
generated: "2026-09-09T14:46:25.857853-05:00"
